
Microsoft Visual Studio Solution File, Format Version 12.00
# Visual Studio Version 17
VisualStudioVersion = 17.5.33530.505
MinimumVisualStudioVersion = 10.0.40219.1
Project("{FAE04EC0-301F-11D3-BF4B-00C04F79EFBC}") = "LetsEncryptCli", "LetsEncryptCli\LetsEncryptCli.csproj", "{5170BABB-7EE1-42CC-B50C-4E9036521ED3}"
EndProject
Global
	GlobalSection(SolutionConfigurationPlatforms) = preSolution
		Debug|Any CPU = Debug|Any CPU
		Release|Any CPU = Release|Any CPU
	EndGlobalSection
	GlobalSection(ProjectConfigurationPlatforms) = postSolution
		{5170BABB-7EE1-42CC-B50C-4E9036521ED3}.Debug|Any CPU.ActiveCfg = Debug|Any CPU
		{5170BABB-7EE1-42CC-B50C-4E9036521ED3}.Debug|Any CPU.Build.0 = Debug|Any CPU
		{5170BABB-7EE1-42CC-B50C-4E9036521ED3}.Release|Any CPU.ActiveCfg = Release|Any CPU
		{5170BABB-7EE1-42CC-B50C-4E9036521ED3}.Release|Any CPU.Build.0 = Release|Any CPU
	EndGlobalSection
	GlobalSection(SolutionProperties) = preSolution
		HideSolutionNode = FALSE
	EndGlobalSection
	GlobalSection(ExtensibilityGlobals) = postSolution
		SolutionGuid = {F7430701-26DF-47A0-9890-EE91A6E5A4AC}
	EndGlobalSection
EndGlobal
